
Microsoft Visual Studio Solution File, Format Version 12.00
# Visual Studio Version 18
VisualStudioVersion = 18.2.11415.280
MinimumVisualStudioVersion = 10.0.40219.1
Project("{FAE04EC0-301F-11D3-BF4B-00C04F79EFBC}") = "Server", "Server\Server.csproj", "{0E0F1F58-E7DD-4905-B61A-198069DDB7E4}"
EndProject
Project("{FAE04EC0-301F-11D3-BF4B-00C04F79EFBC}") = "PomocneKlase", "PomocneKlase\PomocneKlase.csproj", "{1C84401E-2D66-4DCA-AE4A-E42CD2402FCC}"
EndProject
Project("{FAE04EC0-301F-11D3-BF4B-00C04F79EFBC}") = "Client", "Client\Client.csproj", "{E8446A1C-184E-47BB-946E-192D2A1511EA}"
EndProject
Global
	GlobalSection(SolutionConfigurationPlatforms) = preSolution
		Debug|Any CPU = Debug|Any CPU
		Release|Any CPU = Release|Any CPU
	EndGlobalSection
	GlobalSection(ProjectConfigurationPlatforms) = postSolution
		{0E0F1F58-E7DD-4905-B61A-198069DDB7E4}.Debug|Any CPU.ActiveCfg = Debug|Any CPU
		{0E0F1F58-E7DD-4905-B61A-198069DDB7E4}.Debug|Any CPU.Build.0 = Debug|Any CPU
		{0E0F1F58-E7DD-4905-B61A-198069DDB7E4}.Release|Any CPU.ActiveCfg = Release|Any CPU
		{0E0F1F58-E7DD-4905-B61A-198069DDB7E4}.Release|Any CPU.Build.0 = Release|Any CPU
		{1C84401E-2D66-4DCA-AE4A-E42CD2402FCC}.Debug|Any CPU.ActiveCfg = Debug|Any CPU
		{1C84401E-2D66-4DCA-AE4A-E42CD2402FCC}.Debug|Any CPU.Build.0 = Debug|Any CPU
		{1C84401E-2D66-4DCA-AE4A-E42CD2402FCC}.Release|Any CPU.ActiveCfg = Release|Any CPU
		{1C84401E-2D66-4DCA-AE4A-E42CD2402FCC}.Release|Any CPU.Build.0 = Release|Any CPU
		{E8446A1C-184E-47BB-946E-192D2A1511EA}.Debug|Any CPU.ActiveCfg = Debug|Any CPU
		{E8446A1C-184E-47BB-946E-192D2A1511EA}.Debug|Any CPU.Build.0 = Debug|Any CPU
		{E8446A1C-184E-47BB-946E-192D2A1511EA}.Release|Any CPU.ActiveCfg = Release|Any CPU
		{E8446A1C-184E-47BB-946E-192D2A1511EA}.Release|Any CPU.Build.0 = Release|Any CPU
	EndGlobalSection
	GlobalSection(SolutionProperties) = preSolution
		HideSolutionNode = FALSE
	EndGlobalSection
	GlobalSection(ExtensibilityGlobals) = postSolution
		SolutionGuid = {3E090199-B723-4E25-BF2F-2CF122DD759A}
	EndGlobalSection
EndGlobal
